{
  "lockfileVersion": 2,
  "configVersion": 1,
  "workspaces": {
    "": {
      "name": "canlang-turbo-probe-tools",
      "dependencies": {
        "turbo": "2.11.7",
      },
    },
  },
  "packages": {
    "@turbo/darwin-64": ["@turbo/darwin-64@2.11.7", "", { "os": "darwin", "cpu": "x64" }, "sha512-Z2LFOxwbiJueD1miByXJS/BrW21vv6YaQXZustty5jEX4vQYw6zyh101Sz1QO7WG0mqBzKagZ/DoAeeujI0/Sw=="],

    "@turbo/darwin-arm64": ["@turbo/darwin-arm64@2.11.7", "", { "os": "darwin", "cpu": "arm64" }, "sha512-Vhv8ybgIflosNDSSRD9fNXHlCFA60dsGyTqQmc7l28SEX5jOaweCCD4BBYNd8/p0WGkw3e7tZbfA9w6FsujGvw=="],

    "@turbo/linux-64": ["@turbo/linux-64@2.11.7", "", { "os": [ "linux", "android", ], "cpu": "x64" }, "sha512-rAqRp3blQKk1+ylMGlZHAW0eJjVNuuGUm4ZrC6RU1Im8tLryvaO4a2zLQ/FQi1TRlmKqKV9YXBki2YeytlLbXA=="],

    "@turbo/linux-arm64": ["@turbo/linux-arm64@2.11.7", "", { "os": [ "linux", "android", ], "cpu": "arm64" }, "sha512-thVYGov7S+llXAxrl3kBb/efalav0xhrjl5NHCR6AfKx14JkbqaetvbVwyss4FvZ9rt+Pv3xsTb+8SIYix8DTg=="],

    "@turbo/windows-64": ["@turbo/windows-64@2.11.7", "", { "os": "win32", "cpu": "x64" }, "sha512-ZIoKT7J7KutgYl4bGxmmgeUQjG+7E0nY8BF9dxUOiMH2vdTsM4JQ2uSwTYFkTR2Llbg6ghGjSmuZ8LQtkLEYjg=="],

    "@turbo/windows-arm64": ["@turbo/windows-arm64@2.11.7", "", { "os": "win32", "cpu": "arm64" }, "sha512-88Xv2f7SLGVJ68lRRx8o375dKmnZYNdDtvlKcPA0kZpcF93eAQd8l96BKQ0/AMHG0bMJA0Z5QqoqtetxzNsC+g=="],

    "turbo": ["turbo@2.11.7", "", { "optionalDependencies": { "@turbo/darwin-64": "2.11.7", "@turbo/darwin-arm64": "2.11.7", "@turbo/linux-64": "2.11.7", "@turbo/linux-arm64": "2.11.7", "@turbo/windows-64": "2.11.7", "@turbo/windows-arm64": "2.11.7" }, "bin": { "turbo": "bin/turbo" } }, "sha512-RhXHbqfvY6o3xt/zSHCwSNwLrZlXiqHzewi4eAj9PtZ1T1CqgMJ2yIDb7SKPTG9IikTm925mfzL6hldQVdyNWw=="],
  }
}
